{
  "name": "invalid-license-fixture",
  "version": "1.0.0",
  "lockfileVersion": 3,
  "requires": true,
  "packages": {
    "": {
      "name": "invalid-license-fixture",
      "version": "1.0.0"
    },
    "node_modules/bad-package": {
      "name": "bad-package",
      "version": "1.0.0",
      "license": "LicenseRef-Proprietary"
    }
  }
}
