{
  "name": "optional-lockfile-license-fixture",
  "version": "1.0.0",
  "lockfileVersion": 3,
  "requires": true,
  "packages": {
    "": {
      "name": "optional-lockfile-license-fixture",
      "version": "1.0.0"
    },
    "node_modules/platform-package": {
      "name": "platform-package",
      "version": "1.0.0",
      "license": "MIT",
      "optional": true
    }
  }
}
