{
  "name": "path-traversal-fixture",
  "version": "1.0.0",
  "lockfileVersion": 3,
  "requires": true,
  "packages": {
    "": {
      "name": "path-traversal-fixture",
      "version": "1.0.0"
    },
    "node_modules/good-package": {
      "name": "good-package",
      "version": "1.0.0",
      "license": "MIT"
    },
    "node_modules/../../escaped-package": {
      "name": "escaped-package",
      "version": "9.9.9",
      "license": "LicenseRef-Proprietary"
    }
  }
}
